
Microsoft Visual Studio Solution File, Format Version 12.00
# Visual Studio Version 17
VisualStudioVersion = 17.8.34322.80
MinimumVisualStudioVersion = 10.0.40219.1
Project("{FAE04EC0-301F-11D3-BF4B-00C04F79EFBC}") = "FormBootstrap", "FormBootstrap\FormBootstrap.csproj", "{75C32ED1-68E7-4A54-9B2C-967994EEA326}"
EndProject
Global
	GlobalSection(SolutionConfigurationPlatforms) = preSolution
		Debug|Any CPU = Debug|Any CPU
		Release|Any CPU = Release|Any CPU
	EndGlobalSection
	GlobalSection(ProjectConfigurationPlatforms) = postSolution
		{75C32ED1-68E7-4A54-9B2C-967994EEA326}.Debug|Any CPU.ActiveCfg = Debug|Any CPU
		{75C32ED1-68E7-4A54-9B2C-967994EEA326}.Debug|Any CPU.Build.0 = Debug|Any CPU
		{75C32ED1-68E7-4A54-9B2C-967994EEA326}.Release|Any CPU.ActiveCfg = Release|Any CPU
		{75C32ED1-68E7-4A54-9B2C-967994EEA326}.Release|Any CPU.Build.0 = Release|Any CPU
	EndGlobalSection
	GlobalSection(SolutionProperties) = preSolution
		HideSolutionNode = FALSE
	EndGlobalSection
	GlobalSection(ExtensibilityGlobals) = postSolution
		SolutionGuid = {C29294F6-A772-40BC-BC5B-4EB72E0CCB60}
	EndGlobalSection
EndGlobal
